
Microsoft Visual Studio Solution File, Format Version 12.00
# Visual Studio 15
Project("{FAE04EC0-301F-11D3-BF4B-00C04F79EFBC}") = "cursosNetCore", "cursosNetCore\cursosNetCore.csproj", "{B94A6184-CB67-4B19-8BF7-6DFE6B3C64DC}"
EndProject
Global
	GlobalSection(SolutionConfigurationPlatforms) = preSolution
		Debug|Any CPU = Debug|Any CPU
		Release|Any CPU = Release|Any CPU
	EndGlobalSection
	GlobalSection(ProjectConfigurationPlatforms) = postSolution
		{B94A6184-CB67-4B19-8BF7-6DFE6B3C64DC}.Debug|Any CPU.ActiveCfg = Debug|Any CPU
		{B94A6184-CB67-4B19-8BF7-6DFE6B3C64DC}.Debug|Any CPU.Build.0 = Debug|Any CPU
		{B94A6184-CB67-4B19-8BF7-6DFE6B3C64DC}.Release|Any CPU.ActiveCfg = Release|Any CPU
		{B94A6184-CB67-4B19-8BF7-6DFE6B3C64DC}.Release|Any CPU.Build.0 = Release|Any CPU
	EndGlobalSection
EndGlobal
